# ICC 2027 SAC-MLCN — pinned environment
# Recorded 2026-09-07

ns-3 release        : 3.48   (ns-allinone-3.48.tar.bz2, nsnam.org)
ns-3 VERSION file   : 3.48
tarball sha256      : (see env/tarball.sha256)
build profile       : optimized
modules             : wifi + deps only (no nr/5G-LENA, no ns3-ai, no ns3-gym)

Host (measured 2026-09-07):
  CPU   i7-14700K, 28 threads
  RAM   125 GB
  DISK  938 G total / 155 G free at project start
  GPU   Quadro RTX 8000 48 GB, Turing sm_75 (fp16 yes; bf16 NO; TF32 NO)
  OS    Ubuntu 22.04.5, GCC 11.4.0, CMake 3.22.1, git 2.55.0
  conda env: icc2027 (python 3.11, ninja, ccache, pandas, matplotlib, scipy, pyarrow)

VERIFIED against this exact release (src/wifi/model/rate-control/minstrel-ht-wifi-manager.cc):
  L475-477  m_sampleCount = 16 ; m_sampleWait = 0 ; m_sampleTries = 4
  L936-937  m_sampleWait = 16 + 2 * m_avgAmpduLen ; m_sampleTries = 1
  L124-126  UpdateStatistics default = 50 ms
  L134-136  LookAroundRate default = 10, documented "(for legacy Minstrel)"
  L144-146  SampleColumn default = 10
  m_lookAroundRate has exactly 2 refs in the HT file: the attribute accessor (L137)
  and forwarding to the legacy manager (L511). It does NOT govern Minstrel-HT sampling.
